// !$*UTF8*$!
{
	archiveVersion = 1;
	classes = {
	};
	objectVersion = 50;
	objects = {

/* Begin PBXBuildFile section */
		5C3E5A0A269314D4009A5053 /* AppDelegate.swift in Sources */ = {isa = PBXBuildFile; fileRef = 5C3E5A09269314D4009A5053 /* AppDelegate.swift */; };
		5C3E5A0C269314D4009A5053 /* SceneDelegate.swift in Sources */ = {isa = PBXBuildFile; fileRef = 5C3E5A0B269314D4009A5053 /* SceneDelegate.swift */; };
		5C3E5A0E269314D4009A5053 /* CityController.swift in Sources */ = {isa = PBXBuildFile; fileRef = 5C3E5A0D269314D4009A5053 /* CityController.swift */; };
		5C3E5A11269314D4009A5053 /* Main.storyboard in Resources */ = {isa = PBXBuildFile; fileRef = 5C3E5A0F269314D4009A5053 /* Main.storyboard */; };
		5C3E5A13269314D7009A5053 /* Assets.xcassets in Resources */ = {isa = PBXBuildFile; fileRef = 5C3E5A12269314D7009A5053 /* Assets.xcassets */; };
		5C3E5A16269314D7009A5053 /* LaunchScreen.storyboard in Resources */ = {isa = PBXBuildFile; fileRef = 5C3E5A14269314D7009A5053 /* LaunchScreen.storyboard */; };
		5C3E5A21269314D7009A5053 /* Location_AppTests.swift in Sources */ = {isa = PBXBuildFile; fileRef = 5C3E5A20269314D7009A5053 /* Location_AppTests.swift */; };
		5C3E5A2C269314D7009A5053 /* Location_AppUITests.swift in Sources */ = {isa = PBXBuildFile; fileRef = 5C3E5A2B269314D7009A5053 /* Location_AppUITests.swift */; };
		5C3E5A4C26931950009A5053 /* LocationSDK.framework in Frameworks */ = {isa = PBXBuildFile; fileRef = 5C3E5A432693152C009A5053 /* LocationSDK.framework */; };
		5C3E5A4D26931950009A5053 /* LocationSDK.framework in Embed Frameworks */ = {isa = PBXBuildFile; fileRef = 5C3E5A432693152C009A5053 /* LocationSDK.framework */; settings = {ATTRIBUTES = (CodeSignOnCopy, RemoveHeadersOnCopy, ); }; };
		5C3E5A50269319B0009A5053 /* CityViewModel.swift in Sources */ = {isa = PBXBuildFile; fileRef = 5C3E5A4F269319B0009A5053 /* CityViewModel.swift */; };
		5C3E5A5326932EC6009A5053 /* Localized.strings in Resources */ = {isa = PBXBuildFile; fileRef = 5C3E5A5226932EC6009A5053 /* Localized.strings */; };
		5C3E5A5626933349009A5053 /* UIViewController.swift in Sources */ = {isa = PBXBuildFile; fileRef = 5C3E5A5526933349009A5053 /* UIViewController.swift */; };
		5C3E5A5826933576009A5053 /* BaseViewController.swift in Sources */ = {isa = PBXBuildFile; fileRef = 5C3E5A5726933576009A5053 /* BaseViewController.swift */; };
		5C3E5A5B26935C15009A5053 /* ListCell.swift in Sources */ = {isa = PBXBuildFile; fileRef = 5C3E5A5A26935C15009A5053 /* ListCell.swift */; };
		5C3E5A5F26935D92009A5053 /* ListCell.xib in Resources */ = {isa = PBXBuildFile; fileRef = 5C3E5A5E26935D92009A5053 /* ListCell.xib */; };
/* End PBXBuildFile section */

/* Begin PBXContainerItemProxy section */
		5C3E5A1D269314D7009A5053 /* PBXContainerItemProxy */ = {
			isa = PBXContainerItemProxy;
			containerPortal = 5C3E59FE269314D4009A5053 /* Project object */;
			proxyType = 1;
			remoteGlobalIDString = 5C3E5A05269314D4009A5053;
			remoteInfo = "Location App";
		};
		5C3E5A28269314D7009A5053 /* PBXContainerItemProxy */ = {
			isa = PBXContainerItemProxy;
			containerPortal = 5C3E59FE269314D4009A5053 /* Project object */;
			proxyType = 1;
			remoteGlobalIDString = 5C3E5A05269314D4009A5053;
			remoteInfo = "Location App";
		};
		5C3E5A422693152C009A5053 /* PBXContainerItemProxy */ = {
			isa = PBXContainerItemProxy;
			containerPortal = 5C3E5A3D2693152C009A5053 /* LocationSDK.xcodeproj */;
			proxyType = 2;
			remoteGlobalIDString = 5CAF46A7268525B0003EE990;
			remoteInfo = LocationSDK;
		};
		5C3E5A442693152C009A5053 /* PBXContainerItemProxy */ = {
			isa = PBXContainerItemProxy;
			containerPortal = 5C3E5A3D2693152C009A5053 /* LocationSDK.xcodeproj */;
			proxyType = 2;
			remoteGlobalIDString = 5CAF46B0268525B0003EE990;
			remoteInfo = LocationSDKTests;
		};
/* End PBXContainerItemProxy section */

/* Begin PBXCopyFilesBuildPhase section */
		5C3E5A4E26931950009A5053 /* Embed Frameworks */ = {
			isa = PBXCopyFilesBuildPhase;
			buildActionMask = 2147483647;
			dstPath = "";
			dstSubfolderSpec = 10;
			files = (
				5C3E5A4D26931950009A5053 /* LocationSDK.framework in Embed Frameworks */,
			);
			name = "Embed Frameworks";
			runOnlyForDeploymentPostprocessing = 0;
		};
/* End PBXCopyFilesBuildPhase section */

/* Begin PBXFileReference section */
		5C3E5A06269314D4009A5053 /* Location App.app */ = {isa = PBXFileReference; explicitFileType = wrapper.application; includeInIndex = 0; path = "Location App.app"; sourceTree = BUILT_PRODUCTS_DIR; };
		5C3E5A09269314D4009A5053 /* AppDelegate.swift */ = {isa = PBXFileReference; lastKnownFileType = sourcecode.swift; path = AppDelegate.swift; sourceTree = "<group>"; };
		5C3E5A0B269314D4009A5053 /* SceneDelegate.swift */ = {isa = PBXFileReference; lastKnownFileType = sourcecode.swift; path = SceneDelegate.swift; sourceTree = "<group>"; };
		5C3E5A0D269314D4009A5053 /* CityController.swift */ = {isa = PBXFileReference; lastKnownFileType = sourcecode.swift; path = CityController.swift; sourceTree = "<group>"; };
		5C3E5A10269314D4009A5053 /* Base */ = {isa = PBXFileReference; lastKnownFileType = file.storyboard; name = Base; path = Base.lproj/Main.storyboard; sourceTree = "<group>"; };
		5C3E5A12269314D7009A5053 /* Assets.xcassets */ = {isa = PBXFileReference; lastKnownFileType = folder.assetcatalog; path = Assets.xcassets; sourceTree = "<group>"; };
		5C3E5A15269314D7009A5053 /* Base */ = {isa = PBXFileReference; lastKnownFileType = file.storyboard; name = Base; path = Base.lproj/LaunchScreen.storyboard; sourceTree = "<group>"; };
		5C3E5A17269314D7009A5053 /* Info.plist */ = {isa = PBXFileReference; lastKnownFileType = text.plist.xml; path = Info.plist; sourceTree = "<group>"; };
		5C3E5A1C269314D7009A5053 /* Location AppTests.xctest */ = {isa = PBXFileReference; explicitFileType = wrapper.cfbundle; includeInIndex = 0; path = "Location AppTests.xctest"; sourceTree = BUILT_PRODUCTS_DIR; };
		5C3E5A20269314D7009A5053 /* Location_AppTests.swift */ = {isa = PBXFileReference; lastKnownFileType = sourcecode.swift; path = Location_AppTests.swift; sourceTree = "<group>"; };
		5C3E5A22269314D7009A5053 /* Info.plist */ = {isa = PBXFileReference; lastKnownFileType = text.plist.xml; path = Info.plist; sourceTree = "<group>"; };
		5C3E5A27269314D7009A5053 /* Location AppUITests.xctest */ = {isa = PBXFileReference; explicitFileType = wrapper.cfbundle; includeInIndex = 0; path = "Location AppUITests.xctest"; sourceTree = BUILT_PRODUCTS_DIR; };
		5C3E5A2B269314D7009A5053 /* Location_AppUITests.swift */ = {isa = PBXFileReference; lastKnownFileType = sourcecode.swift; path = Location_AppUITests.swift; sourceTree = "<group>"; };
		5C3E5A2D269314D7009A5053 /* Info.plist */ = {isa = PBXFileReference; lastKnownFileType = text.plist.xml; path = Info.plist; sourceTree = "<group>"; };
		5C3E5A3D2693152C009A5053 /* LocationSDK.xcodeproj */ = {isa = PBXFileReference; lastKnownFileType = "wrapper.pb-project"; name = LocationSDK.xcodeproj; path = ../LocationSDK/LocationSDK.xcodeproj; sourceTree = "<group>"; };
		5C3E5A4F269319B0009A5053 /* CityViewModel.swift */ = {isa = PBXFileReference; lastKnownFileType = sourcecode.swift; path = CityViewModel.swift; sourceTree = "<group>"; };
		5C3E5A5226932EC6009A5053 /* Localized.strings */ = {isa = PBXFileReference; lastKnownFileType = text.plist.strings; path = Localized.strings; sourceTree = "<group>"; };
		5C3E5A5526933349009A5053 /* UIViewController.swift */ = {isa = PBXFileReference; lastKnownFileType = sourcecode.swift; path = UIViewController.swift; sourceTree = "<group>"; };
		5C3E5A5726933576009A5053 /* BaseViewController.swift */ = {isa = PBXFileReference; lastKnownFileType = sourcecode.swift; path = BaseViewController.swift; sourceTree = "<group>"; };
		5C3E5A5A26935C15009A5053 /* ListCell.swift */ = {isa = PBXFileReference; lastKnownFileType = sourcecode.swift; path = ListCell.swift; sourceTree = "<group>"; };
		5C3E5A5E26935D92009A5053 /* ListCell.xib */ = {isa = PBXFileReference; lastKnownFileType = file.xib; path = ListCell.xib; sourceTree = "<group>"; };
/* End PBXFileReference section */

/* Begin PBXFrameworksBuildPhase section */
		5C3E5A03269314D4009A5053 /* Frameworks */ = {
			isa = PBXFrameworksBuildPhase;
			buildActionMask = 2147483647;
			files = (
				5C3E5A4C26931950009A5053 /* LocationSDK.framework in Frameworks */,
			);
			runOnlyForDeploymentPostprocessing = 0;
		};
		5C3E5A19269314D7009A5053 /* Frameworks */ = {
			isa = PBXFrameworksBuildPhase;
			buildActionMask = 2147483647;
			files = (
			);
			runOnlyForDeploymentPostprocessing = 0;
		};
		5C3E5A24269314D7009A5053 /* Frameworks */ = {
			isa = PBXFrameworksBuildPhase;
			buildActionMask = 2147483647;
			files = (
			);
			runOnlyForDeploymentPostprocessing = 0;
		};
/* End PBXFrameworksBuildPhase section */

/* Begin PBXGroup section */
		5C3E59FD269314D4009A5053 = {
			isa = PBXGroup;
			children = (
				5C3E5A3D2693152C009A5053 /* LocationSDK.xcodeproj */,
				5C3E5A08269314D4009A5053 /* Location App */,
				5C3E5A1F269314D7009A5053 /* Location AppTests */,
				5C3E5A2A269314D7009A5053 /* Location AppUITests */,
				5C3E5A07269314D4009A5053 /* Products */,
				5C3E5A4B26931950009A5053 /* Frameworks */,
			);
			sourceTree = "<group>";
		};
		5C3E5A07269314D4009A5053 /* Products */ = {
			isa = PBXGroup;
			children = (
				5C3E5A06269314D4009A5053 /* Location App.app */,
				5C3E5A1C269314D7009A5053 /* Location AppTests.xctest */,
				5C3E5A27269314D7009A5053 /* Location AppUITests.xctest */,
			);
			name = Products;
			sourceTree = "<group>";
		};
		5C3E5A08269314D4009A5053 /* Location App */ = {
			isa = PBXGroup;
			children = (
				5C3E5A5426933335009A5053 /* Extension */,
				5C3E5A512693295B009A5053 /* View Controller */,
				5C3E5A4A269315B0009A5053 /* View */,
				5C3E5A4726931583009A5053 /* View Model */,
				5C3E5A09269314D4009A5053 /* AppDelegate.swift */,
				5C3E5A0B269314D4009A5053 /* SceneDelegate.swift */,
				5C3E5A12269314D7009A5053 /* Assets.xcassets */,
				5C3E5A14269314D7009A5053 /* LaunchScreen.storyboard */,
				5C3E5A17269314D7009A5053 /* Info.plist */,
				5C3E5A5226932EC6009A5053 /* Localized.strings */,
			);
			path = "Location App";
			sourceTree = "<group>";
		};
		5C3E5A1F269314D7009A5053 /* Location AppTests */ = {
			isa = PBXGroup;
			children = (
				5C3E5A20269314D7009A5053 /* Location_AppTests.swift */,
				5C3E5A22269314D7009A5053 /* Info.plist */,
			);
			path = "Location AppTests";
			sourceTree = "<group>";
		};
		5C3E5A2A269314D7009A5053 /* Location AppUITests */ = {
			isa = PBXGroup;
			children = (
				5C3E5A2B269314D7009A5053 /* Location_AppUITests.swift */,
				5C3E5A2D269314D7009A5053 /* Info.plist */,
			);
			path = "Location AppUITests";
			sourceTree = "<group>";
		};
		5C3E5A3E2693152C009A5053 /* Products */ = {
			isa = PBXGroup;
			children = (
				5C3E5A432693152C009A5053 /* LocationSDK.framework */,
				5C3E5A452693152C009A5053 /* LocationSDKTests.xctest */,
			);
			name = Products;
			sourceTree = "<group>";
		};
		5C3E5A4726931583009A5053 /* View Model */ = {
			isa = PBXGroup;
			children = (
				5C3E5A4F269319B0009A5053 /* CityViewModel.swift */,
			);
			path = "View Model";
			sourceTree = "<group>";
		};
		5C3E5A4A269315B0009A5053 /* View */ = {
			isa = PBXGroup;
			children = (
				5C3E5A0F269314D4009A5053 /* Main.storyboard */,
				5C3E5A5A26935C15009A5053 /* ListCell.swift */,
				5C3E5A5E26935D92009A5053 /* ListCell.xib */,
			);
			path = View;
			sourceTree = "<group>";
		};
		5C3E5A4B26931950009A5053 /* Frameworks */ = {
			isa = PBXGroup;
			children = (
			);
			name = Frameworks;
			sourceTree = "<group>";
		};
		5C3E5A512693295B009A5053 /* View Controller */ = {
			isa = PBXGroup;
			children = (
				5C3E5A0D269314D4009A5053 /* CityController.swift */,
				5C3E5A5726933576009A5053 /* BaseViewController.swift */,
			);
			path = "View Controller";
			sourceTree = "<group>";
		};
		5C3E5A5426933335009A5053 /* Extension */ = {
			isa = PBXGroup;
			children = (
				5C3E5A5526933349009A5053 /* UIViewController.swift */,
			);
			path = Extension;
			sourceTree = "<group>";
		};
/* End PBXGroup section */

/* Begin PBXNativeTarget section */
		5C3E5A05269314D4009A5053 /* Location App */ = {
			isa = PBXNativeTarget;
			buildConfigurationList = 5C3E5A30269314D7009A5053 /* Build configuration list for PBXNativeTarget "Location App" */;
			buildPhases = (
				5C3E5A02269314D4009A5053 /* Sources */,
				5C3E5A03269314D4009A5053 /* Frameworks */,
				5C3E5A04269314D4009A5053 /* Resources */,
				5C3E5A4E26931950009A5053 /* Embed Frameworks */,
			);
			buildRules = (
			);
			dependencies = (
			);
			name = "Location App";
			productName = "Location App";
			productReference = 5C3E5A06269314D4009A5053 /* Location App.app */;
			productType = "com.apple.product-type.application";
		};
		5C3E5A1B269314D7009A5053 /* Location AppTests */ = {
			isa = PBXNativeTarget;
			buildConfigurationList = 5C3E5A33269314D7009A5053 /* Build configuration list for PBXNativeTarget "Location AppTests" */;
			buildPhases = (
				5C3E5A18269314D7009A5053 /* Sources */,
				5C3E5A19269314D7009A5053 /* Frameworks */,
				5C3E5A1A269314D7009A5053 /* Resources */,
			);
			buildRules = (
			);
			dependencies = (
				5C3E5A1E269314D7009A5053 /* PBXTargetDependency */,
			);
			name = "Location AppTests";
			productName = "Location AppTests";
			productReference = 5C3E5A1C269314D7009A5053 /* Location AppTests.xctest */;
			productType = "com.apple.product-type.bundle.unit-test";
		};
		5C3E5A26269314D7009A5053 /* Location AppUITests */ = {
			isa = PBXNativeTarget;
			buildConfigurationList = 5C3E5A36269314D7009A5053 /* Build configuration list for PBXNativeTarget "Location AppUITests" */;
			buildPhases = (
				5C3E5A23269314D7009A5053 /* Sources */,
				5C3E5A24269314D7009A5053 /* Frameworks */,
				5C3E5A25269314D7009A5053 /* Resources */,
			);
			buildRules = (
			);
			dependencies = (
				5C3E5A29269314D7009A5053 /* PBXTargetDependency */,
			);
			name = "Location AppUITests";
			productName = "Location AppUITests";
			productReference = 5C3E5A27269314D7009A5053 /* Location AppUITests.xctest */;
			productType = "com.apple.product-type.bundle.ui-testing";
		};
/* End PBXNativeTarget section */

/* Begin PBXProject section */
		5C3E59FE269314D4009A5053 /* Project object */ = {
			isa = PBXProject;
			attributes = {
				LastSwiftUpdateCheck = 1250;
				LastUpgradeCheck = 1250;
				TargetAttributes = {
					5C3E5A05269314D4009A5053 = {
						CreatedOnToolsVersion = 12.5;
					};
					5C3E5A1B269314D7009A5053 = {
						CreatedOnToolsVersion = 12.5;
						TestTargetID = 5C3E5A05269314D4009A5053;
					};
					5C3E5A26269314D7009A5053 = {
						CreatedOnToolsVersion = 12.5;
						TestTargetID = 5C3E5A05269314D4009A5053;
					};
				};
			};
			buildConfigurationList = 5C3E5A01269314D4009A5053 /* Build configuration list for PBXProject "Location App" */;
			compatibilityVersion = "Xcode 9.3";
			developmentRegion = en;
			hasScannedForEncodings = 0;
			knownRegions = (
				en,
				Base,
			);
			mainGroup = 5C3E59FD269314D4009A5053;
			productRefGroup = 5C3E5A07269314D4009A5053 /* Products */;
			projectDirPath = "";
			projectReferences = (
				{
					ProductGroup = 5C3E5A3E2693152C009A5053 /* Products */;
					ProjectRef = 5C3E5A3D2693152C009A5053 /* LocationSDK.xcodeproj */;
				},
			);
			projectRoot = "";
			targets = (
				5C3E5A05269314D4009A5053 /* Location App */,
				5C3E5A1B269314D7009A5053 /* Location AppTests */,
				5C3E5A26269314D7009A5053 /* Location AppUITests */,
			);
		};
/* End PBXProject section */

/* Begin PBXReferenceProxy section */
		5C3E5A432693152C009A5053 /* LocationSDK.framework */ = {
			isa = PBXReferenceProxy;
			fileType = wrapper.framework;
			path = LocationSDK.framework;
			remoteRef = 5C3E5A422693152C009A5053 /* PBXContainerItemProxy */;
			sourceTree = BUILT_PRODUCTS_DIR;
		};
		5C3E5A452693152C009A5053 /* LocationSDKTests.xctest */ = {
			isa = PBXReferenceProxy;
			fileType = wrapper.cfbundle;
			path = LocationSDKTests.xctest;
			remoteRef = 5C3E5A442693152C009A5053 /* PBXContainerItemProxy */;
			sourceTree = BUILT_PRODUCTS_DIR;
		};
/* End PBXReferenceProxy section */

/* Begin PBXResourcesBuildPhase section */
		5C3E5A04269314D4009A5053 /* Resources */ = {
			isa = PBXResourcesBuildPhase;
			buildActionMask = 2147483647;
			files = (
				5C3E5A5326932EC6009A5053 /* Localized.strings in Resources */,
				5C3E5A16269314D7009A5053 /* LaunchScreen.storyboard in Resources */,
				5C3E5A13269314D7009A5053 /* Assets.xcassets in Resources */,
				5C3E5A11269314D4009A5053 /* Main.storyboard in Resources */,
				5C3E5A5F26935D92009A5053 /* ListCell.xib in Resources */,
			);
			runOnlyForDeploymentPostprocessing = 0;
		};
		5C3E5A1A269314D7009A5053 /* Resources */ = {
			isa = PBXResourcesBuildPhase;
			buildActionMask = 2147483647;
			files = (
			);
			runOnlyForDeploymentPostprocessing = 0;
		};
		5C3E5A25269314D7009A5053 /* Resources */ = {
			isa = PBXResourcesBuildPhase;
			buildActionMask = 2147483647;
			files = (
			);
			runOnlyForDeploymentPostprocessing = 0;
		};
/* End PBXResourcesBuildPhase section */

/* Begin PBXSourcesBuildPhase section */
		5C3E5A02269314D4009A5053 /* Sources */ = {
			isa = PBXSourcesBuildPhase;
			buildActionMask = 2147483647;
			files = (
				5C3E5A0E269314D4009A5053 /* CityController.swift in Sources */,
				5C3E5A0A269314D4009A5053 /* AppDelegate.swift in Sources */,
				5C3E5A0C269314D4009A5053 /* SceneDelegate.swift in Sources */,
				5C3E5A5B26935C15009A5053 /* ListCell.swift in Sources */,
				5C3E5A50269319B0009A5053 /* CityViewModel.swift in Sources */,
				5C3E5A5626933349009A5053 /* UIViewController.swift in Sources */,
				5C3E5A5826933576009A5053 /* BaseViewController.swift in Sources */,
			);
			runOnlyForDeploymentPostprocessing = 0;
		};
		5C3E5A18269314D7009A5053 /* Sources */ = {
			isa = PBXSourcesBuildPhase;
			buildActionMask = 2147483647;
			files = (
				5C3E5A21269314D7009A5053 /* Location_AppTests.swift in Sources */,
			);
			runOnlyForDeploymentPostprocessing = 0;
		};
		5C3E5A23269314D7009A5053 /* Sources */ = {
			isa = PBXSourcesBuildPhase;
			buildActionMask = 2147483647;
			files = (
				5C3E5A2C269314D7009A5053 /* Location_AppUITests.swift in Sources */,
			);
			runOnlyForDeploymentPostprocessing = 0;
		};
/* End PBXSourcesBuildPhase section */

/* Begin PBXTargetDependency section */
		5C3E5A1E269314D7009A5053 /* PBXTargetDependency */ = {
			isa = PBXTargetDependency;
			target = 5C3E5A05269314D4009A5053 /* Location App */;
			targetProxy = 5C3E5A1D269314D7009A5053 /* PBXContainerItemProxy */;
		};
		5C3E5A29269314D7009A5053 /* PBXTargetDependency */ = {
			isa = PBXTargetDependency;
			target = 5C3E5A05269314D4009A5053 /* Location App */;
			targetProxy = 5C3E5A28269314D7009A5053 /* PBXContainerItemProxy */;
		};
/* End PBXTargetDependency section */

/* Begin PBXVariantGroup section */
		5C3E5A0F269314D4009A5053 /* Main.storyboard */ = {
			isa = PBXVariantGroup;
			children = (
				5C3E5A10269314D4009A5053 /* Base */,
			);
			name = Main.storyboard;
			sourceTree = "<group>";
		};
		5C3E5A14269314D7009A5053 /* LaunchScreen.storyboard */ = {
			isa = PBXVariantGroup;
			children = (
				5C3E5A15269314D7009A5053 /* Base */,
			);
			name = LaunchScreen.storyboard;
			sourceTree = "<group>";
		};
/* End PBXVariantGroup section */

/* Begin XCBuildConfiguration section */
		5C3E5A2E269314D7009A5053 /* Debug */ = {
			isa = XCBuildConfiguration;
			buildSettings = {
				ALWAYS_SEARCH_USER_PATHS = NO;
				CLANG_ANALYZER_NONNULL = YES;
				CLANG_ANALYZER_NUMBER_OBJECT_CONVERSION = YES_AGGRESSIVE;
				CLANG_CXX_LANGUAGE_STANDARD = "gnu++14";
				CLANG_CXX_LIBRARY = "libc++";
				CLANG_ENABLE_MODULES = YES;
				CLANG_ENABLE_OBJC_ARC = YES;
				CLANG_ENABLE_OBJC_WEAK = YES;
				CLANG_WARN_BLOCK_CAPTURE_AUTORELEASING = YES;
				CLANG_WARN_BOOL_CONVERSION = YES;
				CLANG_WARN_COMMA = YES;
				CLANG_WARN_CONSTANT_CONVERSION = YES;
				CLANG_WARN_DEPRECATED_OBJC_IMPLEMENTATIONS = YES;
				CLANG_WARN_DIRECT_OBJC_ISA_USAGE = YES_ERROR;
				CLANG_WARN_DOCUMENTATION_COMMENTS = YES;
				CLANG_WARN_EMPTY_BODY = YES;
				CLANG_WARN_ENUM_CONVERSION = YES;
				CLANG_WARN_INFINITE_RECURSION = YES;
				CLANG_WARN_INT_CONVERSION = YES;
				CLANG_WARN_NON_LITERAL_NULL_CONVERSION = YES;
				CLANG_WARN_OBJC_IMPLICIT_RETAIN_SELF = YES;
				CLANG_WARN_OBJC_LITERAL_CONVERSION = YES;
				CLANG_WARN_OBJC_ROOT_CLASS = YES_ERROR;
				CLANG_WARN_QUOTED_INCLUDE_IN_FRAMEWORK_HEADER = YES;
				CLANG_WARN_RANGE_LOOP_ANALYSIS = YES;
				CLANG_WARN_STRICT_PROTOTYPES = YES;
				CLANG_WARN_SUSPICIOUS_MOVE = YES;
				CLANG_WARN_UNGUARDED_AVAILABILITY = YES_AGGRESSIVE;
				CLANG_WARN_UNREACHABLE_CODE = YES;
				CLANG_WARN__DUPLICATE_METHOD_MATCH = YES;
				COPY_PHASE_STRIP = NO;
				DEBUG_INFORMATION_FORMAT = dwarf;
				ENABLE_STRICT_OBJC_MSGSEND = YES;
				ENABLE_TESTABILITY = YES;
				GCC_C_LANGUAGE_STANDARD = gnu11;
				GCC_DYNAMIC_NO_PIC = NO;
				GCC_NO_COMMON_BLOCKS = YES;
				GCC_OPTIMIZATION_LEVEL = 0;
				GCC_PREPROCESSOR_DEFINITIONS = (
					"DEBUG=1",
					"$(inherited)",
				);
				GCC_WARN_64_TO_32_BIT_CONVERSION = YES;
				GCC_WARN_ABOUT_RETURN_TYPE = YES_ERROR;
				GCC_WARN_UNDECLARED_SELECTOR = YES;
				GCC_WARN_UNINITIALIZED_AUTOS = YES_AGGRESSIVE;
				GCC_WARN_UNUSED_FUNCTION = YES;
				GCC_WARN_UNUSED_VARIABLE = YES;
				IPHONEOS_DEPLOYMENT_TARGET = 14.5;
				MTL_ENABLE_DEBUG_INFO = INCLUDE_SOURCE;
				MTL_FAST_MATH = YES;
				ONLY_ACTIVE_ARCH = YES;
				SDKROOT = iphoneos;
				SWIFT_ACTIVE_COMPILATION_CONDITIONS = DEBUG;
				SWIFT_OPTIMIZATION_LEVEL = "-Onone";
			};
			name = Debug;
		};
		5C3E5A2F269314D7009A5053 /* Release */ = {
			isa = XCBuildConfiguration;
			buildSettings = {
				ALWAYS_SEARCH_USER_PATHS = NO;
				CLANG_ANALYZER_NONNULL = YES;
				CLANG_ANALYZER_NUMBER_OBJECT_CONVERSION = YES_AGGRESSIVE;
				CLANG_CXX_LANGUAGE_STANDARD = "gnu++14";
				CLANG_CXX_LIBRARY = "libc++";
				CLANG_ENABLE_MODULES = YES;
				CLANG_ENABLE_OBJC_ARC = YES;
				CLANG_ENABLE_OBJC_WEAK = YES;
				CLANG_WARN_BLOCK_CAPTURE_AUTORELEASING = YES;
				CLANG_WARN_BOOL_CONVERSION = YES;
				CLANG_WARN_COMMA = YES;
				CLANG_WARN_CONSTANT_CONVERSION = YES;
				CLANG_WARN_DEPRECATED_OBJC_IMPLEMENTATIONS = YES;
				CLANG_WARN_DIRECT_OBJC_ISA_USAGE = YES_ERROR;
				CLANG_WARN_DOCUMENTATION_COMMENTS = YES;
				CLANG_WARN_EMPTY_BODY = YES;
				CLANG_WARN_ENUM_CONVERSION = YES;
				CLANG_WARN_INFINITE_RECURSION = YES;
				CLANG_WARN_INT_CONVERSION = YES;
				CLANG_WARN_NON_LITERAL_NULL_CONVERSION = YES;
				CLANG_WARN_OBJC_IMPLICIT_RETAIN_SELF = YES;
				CLANG_WARN_OBJC_LITERAL_CONVERSION = YES;
				CLANG_WARN_OBJC_ROOT_CLASS = YES_ERROR;
				CLANG_WARN_QUOTED_INCLUDE_IN_FRAMEWORK_HEADER = YES;
				CLANG_WARN_RANGE_LOOP_ANALYSIS = YES;
				CLANG_WARN_STRICT_PROTOTYPES = YES;
				CLANG_WARN_SUSPICIOUS_MOVE = YES;
				CLANG_WARN_UNGUARDED_AVAILABILITY = YES_AGGRESSIVE;
				CLANG_WARN_UNREACHABLE_CODE = YES;
				CLANG_WARN__DUPLICATE_METHOD_MATCH = YES;
				COPY_PHASE_STRIP = NO;
				DEBUG_INFORMATION_FORMAT = "dwarf-with-dsym";
				ENABLE_NS_ASSERTIONS = NO;
				ENABLE_STRICT_OBJC_MSGSEND = YES;
				GCC_C_LANGUAGE_STANDARD = gnu11;
				GCC_NO_COMMON_BLOCKS = YES;
				GCC_WARN_64_TO_32_BIT_CONVERSION = YES;
				GCC_WARN_ABOUT_RETURN_TYPE = YES_ERROR;
				GCC_WARN_UNDECLARED_SELECTOR = YES;
				GCC_WARN_UNINITIALIZED_AUTOS = YES_AGGRESSIVE;
				GCC_WARN_UNUSED_FUNCTION = YES;
				GCC_WARN_UNUSED_VARIABLE = YES;
				IPHONEOS_DEPLOYMENT_TARGET = 14.5;
				MTL_ENABLE_DEBUG_INFO = NO;
				MTL_FAST_MATH = YES;
				SDKROOT = iphoneos;
				SWIFT_COMPILATION_MODE = wholemodule;
				SWIFT_OPTIMIZATION_LEVEL = "-O";
				VALIDATE_PRODUCT = YES;
			};
			name = Release;
		};
		5C3E5A31269314D7009A5053 /* Debug */ = {
			isa = XCBuildConfiguration;
			buildSettings = {
				ASSETCATALOG_COMPILER_APPICON_NAME = AppIcon;
				ASSETCATALOG_COMPILER_GLOBAL_ACCENT_COLOR_NAME = AccentColor;
				CODE_SIGN_IDENTITY = "Apple Development";
				CODE_SIGN_STYLE = Automatic;
				DEVELOPMENT_TEAM = Q54999GL5Z;
				INFOPLIST_FILE = "Location App/Info.plist";
				LD_RUNPATH_SEARCH_PATHS = (
					"$(inherited)",
					"@executable_path/Frameworks",
				);
				PRODUCT_BUNDLE_IDENTIFIER = "com.nkanyiso.www.Location-App";
				PRODUCT_NAME = "$(TARGET_NAME)";
				PROVISIONING_PROFILE_SPECIFIER = "";
				SWIFT_VERSION = 5.0;
				TARGETED_DEVICE_FAMILY = "1,2";
			};
			name = Debug;
		};
		5C3E5A32269314D7009A5053 /* Release */ = {
			isa = XCBuildConfiguration;
			buildSettings = {
				ASSETCATALOG_COMPILER_APPICON_NAME = AppIcon;
				ASSETCATALOG_COMPILER_GLOBAL_ACCENT_COLOR_NAME = AccentColor;
				CODE_SIGN_IDENTITY = "Apple Development";
				CODE_SIGN_STYLE = Automatic;
				DEVELOPMENT_TEAM = Q54999GL5Z;
				INFOPLIST_FILE = "Location App/Info.plist";
				LD_RUNPATH_SEARCH_PATHS = (
					"$(inherited)",
					"@executable_path/Frameworks",
				);
				PRODUCT_BUNDLE_IDENTIFIER = "com.nkanyiso.www.Location-App";
				PRODUCT_NAME = "$(TARGET_NAME)";
				PROVISIONING_PROFILE_SPECIFIER = "";
				SWIFT_VERSION = 5.0;
				TARGETED_DEVICE_FAMILY = "1,2";
			};
			name = Release;
		};
		5C3E5A34269314D7009A5053 /* Debug */ = {
			isa = XCBuildConfiguration;
			buildSettings = {
				ALWAYS_EMBED_SWIFT_STANDARD_LIBRARIES = YES;
				BUNDLE_LOADER = "$(TEST_HOST)";
				CODE_SIGN_STYLE = Automatic;
				DEVELOPMENT_TEAM = Q54999GL5Z;
				INFOPLIST_FILE = "Location AppTests/Info.plist";
				IPHONEOS_DEPLOYMENT_TARGET = 14.5;
				LD_RUNPATH_SEARCH_PATHS = (
					"$(inherited)",
					"@executable_path/Frameworks",
					"@loader_path/Frameworks",
				);
				PRODUCT_BUNDLE_IDENTIFIER = "com.nkanyiso.www.Location-AppTests";
				PRODUCT_NAME = "$(TARGET_NAME)";
				SWIFT_VERSION = 5.0;
				TARGETED_DEVICE_FAMILY = "1,2";
				TEST_HOST = "$(BUILT_PRODUCTS_DIR)/Location App.app/Location App";
			};
			name = Debug;
		};
		5C3E5A35269314D7009A5053 /* Release */ = {
			isa = XCBuildConfiguration;
			buildSettings = {
				ALWAYS_EMBED_SWIFT_STANDARD_LIBRARIES = YES;
				BUNDLE_LOADER = "$(TEST_HOST)";
				CODE_SIGN_STYLE = Automatic;
				DEVELOPMENT_TEAM = Q54999GL5Z;
				INFOPLIST_FILE = "Location AppTests/Info.plist";
				IPHONEOS_DEPLOYMENT_TARGET = 14.5;
				LD_RUNPATH_SEARCH_PATHS = (
					"$(inherited)",
					"@executable_path/Frameworks",
					"@loader_path/Frameworks",
				);
				PRODUCT_BUNDLE_IDENTIFIER = "com.nkanyiso.www.Location-AppTests";
				PRODUCT_NAME = "$(TARGET_NAME)";
				SWIFT_VERSION = 5.0;
				TARGETED_DEVICE_FAMILY = "1,2";
				TEST_HOST = "$(BUILT_PRODUCTS_DIR)/Location App.app/Location App";
			};
			name = Release;
		};
		5C3E5A37269314D7009A5053 /* Debug */ = {
			isa = XCBuildConfiguration;
			buildSettings = {
				ALWAYS_EMBED_SWIFT_STANDARD_LIBRARIES = YES;
				CODE_SIGN_STYLE = Automatic;
				DEVELOPMENT_TEAM = Q54999GL5Z;
				INFOPLIST_FILE = "Location AppUITests/Info.plist";
				LD_RUNPATH_SEARCH_PATHS = (
					"$(inherited)",
					"@executable_path/Frameworks",
					"@loader_path/Frameworks",
				);
				PRODUCT_BUNDLE_IDENTIFIER = "com.nkanyiso.www.Location-AppUITests";
				PRODUCT_NAME = "$(TARGET_NAME)";
				SWIFT_VERSION = 5.0;
				TARGETED_DEVICE_FAMILY = "1,2";
				TEST_TARGET_NAME = "Location App";
			};
			name = Debug;
		};
		5C3E5A38269314D7009A5053 /* Release */ = {
			isa = XCBuildConfiguration;
			buildSettings = {
				ALWAYS_EMBED_SWIFT_STANDARD_LIBRARIES = YES;
				CODE_SIGN_STYLE = Automatic;
				DEVELOPMENT_TEAM = Q54999GL5Z;
				INFOPLIST_FILE = "Location AppUITests/Info.plist";
				LD_RUNPATH_SEARCH_PATHS = (
					"$(inherited)",
					"@executable_path/Frameworks",
					"@loader_path/Frameworks",
				);
				PRODUCT_BUNDLE_IDENTIFIER = "com.nkanyiso.www.Location-AppUITests";
				PRODUCT_NAME = "$(TARGET_NAME)";
				SWIFT_VERSION = 5.0;
				TARGETED_DEVICE_FAMILY = "1,2";
				TEST_TARGET_NAME = "Location App";
			};
			name = Release;
		};
/* End XCBuildConfiguration section */

/* Begin XCConfigurationList section */
		5C3E5A01269314D4009A5053 /* Build configuration list for PBXProject "Location App" */ = {
			isa = XCConfigurationList;
			buildConfigurations = (
				5C3E5A2E269314D7009A5053 /* Debug */,
				5C3E5A2F269314D7009A5053 /* Release */,
			);
			defaultConfigurationIsVisible = 0;
			defaultConfigurationName = Release;
		};
		5C3E5A30269314D7009A5053 /* Build configuration list for PBXNativeTarget "Location App" */ = {
			isa = XCConfigurationList;
			buildConfigurations = (
				5C3E5A31269314D7009A5053 /* Debug */,
				5C3E5A32269314D7009A5053 /* Release */,
			);
			defaultConfigurationIsVisible = 0;
			defaultConfigurationName = Release;
		};
		5C3E5A33269314D7009A5053 /* Build configuration list for PBXNativeTarget "Location AppTests" */ = {
			isa = XCConfigurationList;
			buildConfigurations = (
				5C3E5A34269314D7009A5053 /* Debug */,
				5C3E5A35269314D7009A5053 /* Release */,
			);
			defaultConfigurationIsVisible = 0;
			defaultConfigurationName = Release;
		};
		5C3E5A36269314D7009A5053 /* Build configuration list for PBXNativeTarget "Location AppUITests" */ = {
			isa = XCConfigurationList;
			buildConfigurations = (
				5C3E5A37269314D7009A5053 /* Debug */,
				5C3E5A38269314D7009A5053 /* Release */,
			);
			defaultConfigurationIsVisible = 0;
			defaultConfigurationName = Release;
		};
/* End XCConfigurationList section */
	};
	rootObject = 5C3E59FE269314D4009A5053 /* Project object */;
}
